
Microsoft Visual Studio Solution File, Format Version 12.00
# Visual Studio Version 17
VisualStudioVersion = 17.3.32929.385
MinimumVisualStudioVersion = 10.0.40219.1
Project("{FAE04EC0-301F-11D3-BF4B-00C04F79EFBC}") = "CalculatorCore", "CalculatorCore\CalculatorCore.csproj", "{5EBDABC7-2B3F-466E-97C8-A5D787236129}"
EndProject
Project("{FAE04EC0-301F-11D3-BF4B-00C04F79EFBC}") = "SpecFlowCalculator.Specs", "SpecFlowCalculator.Specs\SpecFlowCalculator.Specs.csproj", "{723F5CB0-7BC4-47CE-AE7F-6D9D20A9ED4E}"
EndProject
Global
	GlobalSection(SolutionConfigurationPlatforms) = preSolution
		Debug|Any CPU = Debug|Any CPU
		Release|Any CPU = Release|Any CPU
	EndGlobalSection
	GlobalSection(ProjectConfigurationPlatforms) = postSolution
		{5EBDABC7-2B3F-466E-97C8-A5D787236129}.Debug|Any CPU.ActiveCfg = Debug|Any CPU
		{5EBDABC7-2B3F-466E-97C8-A5D787236129}.Debug|Any CPU.Build.0 = Debug|Any CPU
		{5EBDABC7-2B3F-466E-97C8-A5D787236129}.Release|Any CPU.ActiveCfg = Release|Any CPU
		{5EBDABC7-2B3F-466E-97C8-A5D787236129}.Release|Any CPU.Build.0 = Release|Any CPU
		{723F5CB0-7BC4-47CE-AE7F-6D9D20A9ED4E}.Debug|Any CPU.ActiveCfg = Debug|Any CPU
		{723F5CB0-7BC4-47CE-AE7F-6D9D20A9ED4E}.Debug|Any CPU.Build.0 = Debug|Any CPU
		{723F5CB0-7BC4-47CE-AE7F-6D9D20A9ED4E}.Release|Any CPU.ActiveCfg = Release|Any CPU
		{723F5CB0-7BC4-47CE-AE7F-6D9D20A9ED4E}.Release|Any CPU.Build.0 = Release|Any CPU
	EndGlobalSection
	GlobalSection(SolutionProperties) = preSolution
		HideSolutionNode = FALSE
	EndGlobalSection
	GlobalSection(ExtensibilityGlobals) = postSolution
		SolutionGuid = {742F4660-0612-4153-A1E0-F6670BC180F0}
	EndGlobalSection
EndGlobal
